
Microsoft Visual Studio Solution File, Format Version 12.00
# Visual Studio 14
VisualStudioVersion = 14.0.25420.1
MinimumVisualStudioVersion = 10.0.40219.1
Project("{9092AA53-FB77-4645-B42D-1CCCA6BD08BD}") = "NodeJS with MongoJS", "NodeJS with MongoJS\NodeJS with MongoJS.njsproj", "{B51C42CC-F9F1-42C7-8368-DCFFD0275712}"
EndProject
Global
	GlobalSection(SolutionConfigurationPlatforms) = preSolution
		Debug|Any CPU = Debug|Any CPU
		Release|Any CPU = Release|Any CPU
	EndGlobalSection
	GlobalSection(ProjectConfigurationPlatforms) = postSolution
		{B51C42CC-F9F1-42C7-8368-DCFFD0275712}.Debug|Any CPU.ActiveCfg = Debug|Any CPU
		{B51C42CC-F9F1-42C7-8368-DCFFD0275712}.Debug|Any CPU.Build.0 = Debug|Any CPU
		{B51C42CC-F9F1-42C7-8368-DCFFD0275712}.Release|Any CPU.ActiveCfg = Release|Any CPU
		{B51C42CC-F9F1-42C7-8368-DCFFD0275712}.Release|Any CPU.Build.0 = Release|Any CPU
	EndGlobalSection
	GlobalSection(SolutionProperties) = preSolution
		HideSolutionNode = FALSE
	EndGlobalSection
EndGlobal
